# This file is automatically @generated by Cargo.
# It is not intended for manual editing.
[[package]]
name = "binascii"
version = "0.1.2"
source = "registry+https://github.com/rust-lang/crates.io-index"

[[package]]
name = "uuencode"
version = "0.1.0"
dependencies = [
 "binascii 0.1.2 (registry+https://github.com/rust-lang/crates.io-index)",
]

[metadata]
"checksum binascii 0.1.2 (registry+https://github.com/rust-lang/crates.io-index)" = "3dc96c09fe0e8441b8e0e8afa1a64f11a1994f3f146008175eccdfe67f7c0330"
